
Microsoft Visual Studio Solution File, Format Version 12.00
# Visual Studio Version 17
VisualStudioVersion = 17.13.35931.197 d17.13
MinimumVisualStudioVersion = 10.0.40219.1
Project("{8BC9CEB8-8B4A-11D0-8D11-00A0C91BC942}") = "ExamenGR6", "ExamenGR6\ExamenGR6.vcxproj", "{69BE7B30-BEB8-4539-A4A6-A737ABC35457}"
EndProject
Global
	GlobalSection(SolutionConfigurationPlatforms) = preSolution
		Debug|x64 = Debug|x64
		Debug|x86 = Debug|x86
		Release|x64 = Release|x64
		Release|x86 = Release|x86
	EndGlobalSection
	GlobalSection(ProjectConfigurationPlatforms) = postSolution
		{69BE7B30-BEB8-4539-A4A6-A737ABC35457}.Debug|x64.ActiveCfg = Debug|x64
		{69BE7B30-BEB8-4539-A4A6-A737ABC35457}.Debug|x64.Build.0 = Debug|x64
		{69BE7B30-BEB8-4539-A4A6-A737ABC35457}.Debug|x86.ActiveCfg = Debug|Win32
		{69BE7B30-BEB8-4539-A4A6-A737ABC35457}.Debug|x86.Build.0 = Debug|Win32
		{69BE7B30-BEB8-4539-A4A6-A737ABC35457}.Release|x64.ActiveCfg = Release|x64
		{69BE7B30-BEB8-4539-A4A6-A737ABC35457}.Release|x64.Build.0 = Release|x64
		{69BE7B30-BEB8-4539-A4A6-A737ABC35457}.Release|x86.ActiveCfg = Release|Win32
		{69BE7B30-BEB8-4539-A4A6-A737ABC35457}.Release|x86.Build.0 = Release|Win32
	EndGlobalSection
	GlobalSection(SolutionProperties) = preSolution
		HideSolutionNode = FALSE
	EndGlobalSection
	GlobalSection(ExtensibilityGlobals) = postSolution
		SolutionGuid = {28A4A559-D760-44DB-A1A4-A2924FA3B7D7}
	EndGlobalSection
EndGlobal
